{
  "name": "kaseya-proxy",
  "version": "1.0.0",
  "lockfileVersion": 2,
  "requires": true,
  "packages": {
    "": {
      "version": "1.0.0",
      "license": "ISC",
      "dependencies": {
        "kaseya": "^1.0.4"
      }
    },
    "node_modules/kaseya": {
      "version": "1.0.4",
      "resolved": "https://registry.npmjs.org/kaseya/-/kaseya-1.0.4.tgz",
      "integrity": "sha512-HoVfgwci6HqfZjWx/eAU/JGLYo/xTDCIkG8X75EVCDF2om2O+csJHH6ZLYQ0eV9YNNt6+Kt5bTW0Xywo/WjzBA=="
    }
  },
  "dependencies": {
    "kaseya": {
      "version": "1.0.4",
      "resolved": "https://registry.npmjs.org/kaseya/-/kaseya-1.0.4.tgz",
      "integrity": "sha512-HoVfgwci6HqfZjWx/eAU/JGLYo/xTDCIkG8X75EVCDF2om2O+csJHH6ZLYQ0eV9YNNt6+Kt5bTW0Xywo/WjzBA=="
    }
  }
}
