{
  "name": "kaseya-proxy",
  "version": "1.0.0",
  "lockfileVersion": 2,
  "requires": true,
  "packages": {
    "": {
      "version": "1.0.0",
      "license": "ISC",
      "dependencies": {
        "kaseya": "latest"
      }
    },
    "node_modules/kaseya": {
      "version": "1.0.5",
      "resolved": "https://registry.npmjs.org/kaseya/-/kaseya-1.0.5.tgz",
      "integrity": "sha512-ODe0JZ90dZPpAUT1tnEjS5P5JRYtD4/l9Bv5L17WtWMDOItFq7Ppzb3RNoBfYo/GFvNbQBGuy57wQ5tqEU4MiA==",
      "license": "MIT"
    }
  },
  "dependencies": {
    "kaseya": {
      "version": "1.0.5",
      "resolved": "https://registry.npmjs.org/kaseya/-/kaseya-1.0.5.tgz",
      "integrity": "sha512-ODe0JZ90dZPpAUT1tnEjS5P5JRYtD4/l9Bv5L17WtWMDOItFq7Ppzb3RNoBfYo/GFvNbQBGuy57wQ5tqEU4MiA=="
    }
  }
}
