{
  "name": "kaseya",
  "version": "1.0.0",
  "lockfileVersion": 2,
  "requires": true,
  "packages": {
    "": {
      "version": "1.0.0",
      "license": "ISC",
      "dependencies": {
        "kaseya-client": "^1.0.11"
      }
    },
    "node_modules/kaseya-client": {
      "version": "1.0.11",
      "resolved": "https://registry.npmjs.org/kaseya-client/-/kaseya-client-1.0.11.tgz",
      "integrity": "sha512-UhPs0Cs4CqOQZ+gFX9x+7qQDxqx2OiPig9jB1obHH+TZCbVMES4l4+IyWRG26DyI9CElo2idrwXJxrEN90usXA=="
    }
  },
  "dependencies": {
    "kaseya-client": {
      "version": "1.0.11",
      "resolved": "https://registry.npmjs.org/kaseya-client/-/kaseya-client-1.0.11.tgz",
      "integrity": "sha512-UhPs0Cs4CqOQZ+gFX9x+7qQDxqx2OiPig9jB1obHH+TZCbVMES4l4+IyWRG26DyI9CElo2idrwXJxrEN90usXA=="
    }
  }
}
